<?xml version="1.0" encoding="utf-8"?>
<Project ToolsVersion="4.0" xmlns="http://schemas.microsoft.com/developer/msbuild/2003">
  <ItemGroup>
    <Filter Include="Source Files">
      <UniqueIdentifier>{4FC737F1-C7A5-4376-A066-2A32D752A2FF}</UniqueIdentifier>
      <Extensions>cpp;c;cc;cxx;def;odl;idl;hpj;bat;asm;asmx</Extensions>
    </Filter>
    <Filter Include="Header Files">
      <UniqueIdentifier>{93995380-89BD-4b04-88EB-625FBE52EBFB}</UniqueIdentifier>
      <Extensions>h;hh;hpp;hxx;hm;inl;inc;xsd</Extensions>
    </Filter>
    <Filter Include="Resource Files">
      <UniqueIdentifier>{67DA6AB6-F800-4c08-8B7A-83BB121AAD01}</UniqueIdentifier>
      <Extensions>rc;ico;cur;bmp;dlg;rc2;rct;bin;rgs;gif;jpg;jpeg;jpe;resx;tiff;tif;png;wav;mfcribbon-ms</Extensions>
    </Filter>
    <Filter Include="Header Files\core">
      <UniqueIdentifier>{b3839e97-403b-4a73-9352-568d0b0f73d4}</UniqueIdentifier>
    </Filter>
    <Filter Include="Header Files\hooks">
      <UniqueIdentifier>{103e3512-f534-4da9-806d-1d34398edb3f}</UniqueIdentifier>
    </Filter>
    <Filter Include="Header Files\utils">
      <UniqueIdentifier>{55e4c222-c6af-4ec7-9ed3-edd20f35802b}</UniqueIdentifier>
    </Filter>
    <Filter Include="Source Files\core">
      <UniqueIdentifier>{dd36d158-b427-4b47-8951-f174693803f7}</UniqueIdentifier>
    </Filter>
    <Filter Include="Source Files\hooks">
      <UniqueIdentifier>{cb00939b-bbbb-4e52-81db-600417aa1716}</UniqueIdentifier>
    </Filter>
    <Filter Include="Source Files\utils">
      <UniqueIdentifier>{c28b44b5-c730-4474-9e56-6e58550ef488}</UniqueIdentifier>
    </Filter>
  </ItemGroup>
  <ItemGroup>
    <ClInclude Include="core\all_hooks.h">
      <Filter>Header Files\core</Filter>
    </ClInclude>
    <ClInclude Include="core\better_frmbld.h">
      <Filter>Header Files\core</Filter>
    </ClInclude>
    <ClInclude Include="core\hook_commons.h">
      <Filter>Header Files\core</Filter>
    </ClInclude>
    <ClInclude Include="core\stdafx.h">
      <Filter>Header Files\core</Filter>
    </ClInclude>
    <ClInclude Include="core\targetver.h">
      <Filter>Header Files\core</Filter>
    </ClInclude>
    <ClInclude Include="utils\fs_utils.h">
      <Filter>Header Files\utils</Filter>
    </ClInclude>
    <ClInclude Include="utils\hook_utils.h">
      <Filter>Header Files\utils</Filter>
    </ClInclude>
    <ClInclude Include="utils\mem_utils.h">
      <Filter>Header Files\utils</Filter>
    </ClInclude>
    <ClInclude Include="hooks\gui_controls.h">
      <Filter>Header Files\hooks</Filter>
    </ClInclude>
    <ClInclude Include="hooks\cmcs_support.h">
      <Filter>Header Files\hooks</Filter>
    </ClInclude>
  </ItemGroup>
  <ItemGroup>
    <ClCompile Include="core\better_frmbld.cc">
      <Filter>Source Files\core</Filter>
    </ClCompile>
    <ClCompile Include="core\dllmain.cc">
      <Filter>Source Files\core</Filter>
    </ClCompile>
    <ClCompile Include="core\stdafx.cc">
      <Filter>Source Files\core</Filter>
    </ClCompile>
    <ClCompile Include="utils\fs_utils.cc">
      <Filter>Source Files\utils</Filter>
    </ClCompile>
    <ClCompile Include="utils\mem_utils.cc">
      <Filter>Source Files\utils</Filter>
    </ClCompile>
    <ClCompile Include="hooks\gui_controls.cc">
      <Filter>Source Files\hooks</Filter>
    </ClCompile>
    <ClCompile Include="hooks\cmcs_support.cc">
      <Filter>Source Files\hooks</Filter>
    </ClCompile>
  </ItemGroup>
</Project>